
Microsoft Visual Studio Solution File, Format Version 12.00
# Visual Studio Version 17
VisualStudioVersion = 17.11.35431.28
MinimumVisualStudioVersion = 10.0.40219.1
Project("{FAE04EC0-301F-11D3-BF4B-00C04F79EFBC}") = "NflDepthCharts", "NflDepthCharts\NflDepthCharts.csproj", "{17DE93D9-E087-469C-BE63-1C128B1858BA}"
EndProject
Global
	GlobalSection(SolutionConfigurationPlatforms) = preSolution
		Debug|Any CPU = Debug|Any CPU
		Release|Any CPU = Release|Any CPU
	EndGlobalSection
	GlobalSection(ProjectConfigurationPlatforms) = postSolution
		{17DE93D9-E087-469C-BE63-1C128B1858BA}.Debug|Any CPU.ActiveCfg = Debug|Any CPU
		{17DE93D9-E087-469C-BE63-1C128B1858BA}.Debug|Any CPU.Build.0 = Debug|Any CPU
		{17DE93D9-E087-469C-BE63-1C128B1858BA}.Release|Any CPU.ActiveCfg = Release|Any CPU
		{17DE93D9-E087-469C-BE63-1C128B1858BA}.Release|Any CPU.Build.0 = Release|Any CPU
	EndGlobalSection
	GlobalSection(SolutionProperties) = preSolution
		HideSolutionNode = FALSE
	EndGlobalSection
	GlobalSection(ExtensibilityGlobals) = postSolution
		SolutionGuid = {5FEBBB3A-A08B-4211-8815-9B5C593129DF}
	EndGlobalSection
EndGlobal
